[[package]]
category = "main"
description = "asyncio SMTP client"
name = "aiosmtplib"
optional = false
python-versions = ">=3.7,<4.0"
version = "2.0.2"

[package.extras]
docs = ["sphinx (>=5.3.0,<6.0.0)", "sphinx_autodoc_typehints (>=1.7.0,<2.0.0)"]
uvloop = ["uvloop (>=0.14,<0.15)", "uvloop (>=0.14,<0.15)", "uvloop (>=0.17,<0.18)"]

[[package]]
category = "main"
description = "A database migration tool for SQLAlchemy."
name = "alembic"
optional = false
python-versions = ">=3.8"
version = "1.13.0"

[package.dependencies]
Mako = "*"
SQLAlchemy = ">=1.3.0"
typing-extensions = ">=4"

[package.extras]
tz = ["backports.zoneinfo"]

[[package]]
category = "main"
description = "Reusable constraint types to use with typing.Annotated"
name = "annotated-types"
optional = false
python-versions = ">=3.8"
version = "0.6.0"

[[package]]
category = "main"
description = "High level compatibility layer for multiple asynchronous event loop implementations"
name = "anyio"
optional = false
python-versions = ">=3.7"
version = "3.7.1"

[package.dependencies]
idna = ">=2.8"
sniffio = ">=1.1"

[package.extras]
doc = ["packaging", "sphinx", "sphinx-rtd-theme (>=1.2.2)", "sphinxcontrib-jquery", "sphinx-autodoc-typehints (>=1.2.0)"]
test = ["anyio", "coverage (>=4.5)", "hypothesis (>=4.0)", "psutil (>=5.9)", "pytest (>=7.0)", "pytest-mock (>=3.6.1)", "trustme", "uvloop (>=0.17)", "mock (>=4)"]
trio = ["trio (<0.22)"]

[[package]]
category = "main"
description = "Timeout context manager for asyncio programs"
marker = "python_full_version <= \"3.11.2\""
name = "async-timeout"
optional = false
python-versions = ">=3.7"
version = "4.0.3"

[[package]]
category = "main"
description = "Modern password hashing for your software and your servers"
name = "bcrypt"
optional = false
python-versions = ">=3.7"
version = "4.1.1"

[package.extras]
tests = ["pytest (>=3.2.1,<3.3.0 || >3.3.0)"]
typecheck = ["mypy"]

[[package]]
category = "main"
description = "Fast, simple object-to-object and broadcast signaling"
name = "blinker"
optional = false
python-versions = ">=3.8"
version = "1.7.0"

[[package]]
category = "main"
description = "Python package for providing Mozilla's CA Bundle."
name = "certifi"
optional = false
python-versions = ">=3.6"
version = "2023.11.17"

[[package]]
category = "main"
description = "Composable command line interface toolkit"
name = "click"
optional = false
python-versions = ">=3.7"
version = "8.1.7"

[package.dependencies]
colorama = "*"

[[package]]
category = "main"
description = "Python and Django SDK for Cloudinary"
name = "cloudinary"
optional = false
python-versions = "*"
version = "1.37.0"

[package.dependencies]
certifi = "*"
six = "*"
urllib3 = ">=1.26.5"

[package.extras]
dev = ["tox"]

[[package]]
category = "main"
description = "Cross-platform colored terminal text."
marker = "platform_system == \"Windows\""
name = "colorama"
optional = false
python-versions = "!=3.0.*,!=3.1.*,!=3.2.*,!=3.3.*,!=3.4.*,!=3.5.*,!=3.6.*,>=2.7"
version = "0.4.6"

[[package]]
category = "main"
description = "Python @deprecated decorator to deprecate old python classes, functions or methods."
name = "deprecated"
optional = false
python-versions = ">=2.7, !=3.0.*, !=3.1.*, !=3.2.*, !=3.3.*"
version = "1.2.14"

[package.dependencies]
wrapt = ">=1.10,<2"

[package.extras]
dev = ["tox", "pytest", "pytest-cov", "bump2version (<1)", "sphinx (<2)"]

[[package]]
category = "main"
description = "DNS toolkit"
name = "dnspython"
optional = false
python-versions = ">=3.8,<4.0"
version = "2.4.2"

[package.extras]
dnssec = ["cryptography (>=2.6,<42.0)"]
doh = ["h2 (>=4.1.0)", "httpcore (>=0.17.3)", "httpx (>=0.24.1)"]
doq = ["aioquic (>=0.9.20)"]
idna = ["idna (>=2.1,<4.0)"]
trio = ["trio (>=0.14,<0.23)"]
wmi = ["wmi (>=1.5.1,<2.0.0)"]

[[package]]
category = "main"
description = "ECDSA cryptographic signature library (pure python)"
name = "ecdsa"
optional = false
python-versions = ">=2.6, !=3.0.*, !=3.1.*, !=3.2.*"
version = "0.18.0"

[package.dependencies]
six = ">=1.9.0"

[package.extras]
gmpy = ["gmpy"]
gmpy2 = ["gmpy2"]

[[package]]
category = "main"
description = "A robust email address syntax and deliverability validation library."
name = "email-validator"
optional = false
python-versions = ">=3.8"
version = "2.1.0.post1"

[package.dependencies]
dnspython = ">=2.0.0"
idna = ">=2.0.0"

[[package]]
category = "main"
description = "FastAPI framework, high performance, easy to learn, fast to code, ready for production"
name = "fastapi"
optional = false
python-versions = ">=3.8"
version = "0.104.1"

[package.dependencies]
anyio = ">=3.7.1,<4.0.0"
pydantic = ">=1.7.4,<1.8 || >1.8,<1.8.1 || >1.8.1,<2.0.0 || >2.0.0,<2.0.1 || >2.0.1,<2.1.0 || >2.1.0,<3.0.0"
starlette = ">=0.27.0,<0.28.0"
typing-extensions = ">=4.8.0"

[package.extras]
all = ["email-validator (>=2.0.0)", "httpx (>=0.23.0)", "itsdangerous (>=1.1.0)", "jinja2 (>=2.11.2)", "orjson (>=3.2.1)", "pydantic-extra-types (>=2.0.0)", "pydantic-settings (>=2.0.0)", "python-multipart (>=0.0.5)", "pyyaml (>=5.3.1)", "ujson (>=4.0.1,<4.0.2 || >4.0.2,<4.1.0 || >4.1.0,<4.2.0 || >4.2.0,<4.3.0 || >4.3.0,<5.0.0 || >5.0.0,<5.1.0 || >5.1.0)", "uvicorn (>=0.12.0)"]

[[package]]
category = "main"
description = "Simple lightweight mail library for FastApi"
name = "fastapi-mail"
optional = false
python-versions = ">=3.8.1,<4.0"
version = "1.4.1"

[package.dependencies]
Jinja2 = ">=3.0,<4.0"
aiosmtplib = ">=2.0,<3.0"
blinker = ">=1.5,<2.0"
email-validator = ">=2.0,<3.0"
pydantic = ">=2.0,<3.0"
pydantic_settings = ">=2.0,<3.0"
starlette = ">=0.24,<1.0"

[package.extras]
httpx = ["httpx (>=0.23,<0.24)"]
redis = ["redis (>=4.3,<5.0)"]

[[package]]
category = "main"
description = "Lightweight in-process concurrent programming"
marker = "platform_machine == \"aarch64\" or platform_machine == \"ppc64le\" or platform_machine == \"x86_64\" or platform_machine == \"amd64\" or platform_machine == \"AMD64\" or platform_machine == \"win32\" or platform_machine == \"WIN32\""
name = "greenlet"
optional = false
python-versions = ">=3.7"
version = "3.0.2"

[package.extras]
docs = ["sphinx"]
test = ["objgraph", "psutil"]

[[package]]
category = "main"
description = "A pure-Python, bring-your-own-I/O implementation of HTTP/1.1"
name = "h11"
optional = false
python-versions = ">=3.7"
version = "0.14.0"

[[package]]
category = "main"
description = "Internationalized Domain Names in Applications (IDNA)"
name = "idna"
optional = false
python-versions = ">=3.5"
version = "3.6"

[[package]]
category = "main"
description = "Read resources from Python packages"
name = "importlib-resources"
optional = false
python-versions = ">=3.8"
version = "6.1.1"

[package.extras]
docs = ["sphinx (>=3.5)", "sphinx (<7.2.5)", "jaraco.packaging (>=9.3)", "rst.linker (>=1.9)", "furo", "sphinx-lint", "jaraco.tidelift (>=1.4)"]
testing = ["pytest (>=6)", "pytest-checkdocs (>=2.4)", "pytest-cov", "pytest-enabler (>=2.2)", "pytest-ruff", "zipp (>=3.17)", "pytest-black (>=0.3.7)", "pytest-mypy (>=0.9.1)"]

[[package]]
category = "main"
description = "A very fast and expressive template engine."
name = "jinja2"
optional = false
python-versions = ">=3.7"
version = "3.1.2"

[package.dependencies]
MarkupSafe = ">=2.0"

[package.extras]
i18n = ["Babel (>=2.7)"]

[[package]]
category = "main"
description = "A library that provides a Python 3 interface for the Gravatar API."
name = "libgravatar"
optional = false
python-versions = "*"
version = "1.0.4"

[[package]]
category = "main"
description = "Rate limiting utilities"
name = "limits"
optional = false
python-versions = ">=3.7"
version = "3.7.0"

[package.dependencies]
deprecated = ">=1.2"
importlib-resources = ">=1.3"
packaging = ">=21,<24"
typing-extensions = "*"

[package.extras]
all = ["redis (>3,<4.5.2 || >4.5.2,<4.5.3 || >4.5.3,<6.0.0)", "redis (>=4.2.0,<4.5.2 || >4.5.2,<4.5.3 || >4.5.3)", "pymemcache (>3,<5.0.0)", "pymongo (>4.1,<5)", "etcd3", "coredis (>=3.4.0,<5)", "motor (>=3,<4)", "aetcd", "emcache (>=0.6.1)", "emcache (>=1)"]
async-etcd = ["aetcd"]
async-memcached = ["emcache (>=0.6.1)", "emcache (>=1)"]
async-mongodb = ["motor (>=3,<4)"]
async-redis = ["coredis (>=3.4.0,<5)"]
etcd = ["etcd3"]
memcached = ["pymemcache (>3,<5.0.0)"]
mongodb = ["pymongo (>4.1,<5)"]
redis = ["redis (>3,<4.5.2 || >4.5.2,<4.5.3 || >4.5.3,<6.0.0)"]
rediscluster = ["redis (>=4.2.0,<4.5.2 || >4.5.2,<4.5.3 || >4.5.3)"]

[[package]]
category = "main"
description = "A super-fast templating language that borrows the best ideas from the existing templating languages."
name = "mako"
optional = false
python-versions = ">=3.8"
version = "1.3.0"

[package.dependencies]
MarkupSafe = ">=0.9.2"

[package.extras]
babel = ["babel"]
lingua = ["lingua"]
testing = ["pytest"]

[[package]]
category = "main"
description = "Safely add untrusted strings to HTML/XML markup."
name = "markupsafe"
optional = false
python-versions = ">=3.7"
version = "2.1.3"

[[package]]
category = "main"
description = "Core utilities for Python packages"
name = "packaging"
optional = false
python-versions = ">=3.7"
version = "23.2"

[[package]]
category = "main"
description = "comprehensive password hashing framework supporting over 30 schemes"
name = "passlib"
optional = false
python-versions = "*"
version = "1.7.4"

[package.extras]
argon2 = ["argon2-cffi (>=18.2.0)"]
bcrypt = ["bcrypt (>=3.1.0)"]
build_docs = ["sphinx (>=1.6)", "sphinxcontrib-fulltoc (>=1.2.0)", "cloud-sptheme (>=1.10.1)"]
totp = ["cryptography"]

[[package]]
category = "main"
description = "psycopg2 - Python-PostgreSQL Database Adapter"
name = "psycopg2-binary"
optional = false
python-versions = ">=3.7"
version = "2.9.9"

[[package]]
category = "main"
description = "Pure-Python implementation of ASN.1 types and DER/BER/CER codecs (X.208)"
name = "pyasn1"
optional = false
python-versions = "!=3.0.*,!=3.1.*,!=3.2.*,!=3.3.*,!=3.4.*,!=3.5.*,>=2.7"
version = "0.5.1"

[[package]]
category = "main"
description = "Data validation using Python type hints"
name = "pydantic"
optional = false
python-versions = ">=3.7"
version = "2.5.2"

[package.dependencies]
annotated-types = ">=0.4.0"
pydantic-core = "2.14.5"
typing-extensions = ">=4.6.1"

[package.extras]
email = ["email-validator (>=2.0.0)"]

[[package]]
category = "main"
description = ""
name = "pydantic-core"
optional = false
python-versions = ">=3.7"
version = "2.14.5"

[package.dependencies]
typing-extensions = ">=4.6.0,<4.7.0 || >4.7.0"

[[package]]
category = "main"
description = "Settings management using Pydantic"
name = "pydantic-settings"
optional = false
python-versions = ">=3.8"
version = "2.1.0"

[package.dependencies]
pydantic = ">=2.3.0"
python-dotenv = ">=0.21.0"

[[package]]
category = "main"
description = "Pure Python library for saving and loading PNG images"
name = "pypng"
optional = false
python-versions = "*"
version = "0.20220715.0"

[[package]]
category = "main"
description = "Read key-value pairs from a .env file and set them as environment variables"
name = "python-dotenv"
optional = false
python-versions = ">=3.8"
version = "1.0.0"

[package.extras]
cli = ["click (>=5.0)"]

[[package]]
category = "main"
description = "JOSE implementation in Python"
name = "python-jose"
optional = false
python-versions = "*"
version = "3.3.0"

[package.dependencies]
ecdsa = "!=0.15"
pyasn1 = "*"
rsa = "*"

[package.extras]
cryptography = ["cryptography (>=3.4.0)"]
pycrypto = ["pycrypto (>=2.6.0,<2.7.0)", "pyasn1"]
pycryptodome = ["pycryptodome (>=3.3.1,<4.0.0)", "pyasn1"]

[[package]]
category = "main"
description = "A streaming multipart parser for Python"
name = "python-multipart"
optional = false
python-versions = ">=3.7"
version = "0.0.6"

[package.extras]
dev = ["atomicwrites (1.2.1)", "attrs (19.2.0)", "coverage (6.5.0)", "hatch", "invoke (1.7.3)", "more-itertools (4.3.0)", "pbr (4.3.0)", "pluggy (1.0.0)", "py (1.11.0)", "pytest-cov (4.0.0)", "pytest-timeout (2.1.0)", "pytest (7.2.0)", "pyyaml (5.1)"]

[[package]]
category = "main"
description = "QR Code image generator"
name = "qrcode"
optional = false
python-versions = ">=3.7"
version = "7.4.2"

[package.dependencies]
colorama = "*"
pypng = "*"
typing-extensions = "*"

[package.extras]
all = ["zest.releaser", "tox", "pytest", "pytest-cov", "pillow (>=9.1.0)"]
dev = ["tox", "pytest", "pytest-cov"]
maintainer = ["zest.releaser"]
pil = ["pillow (>=9.1.0)"]
test = ["coverage", "pytest"]

[[package]]
category = "main"
description = "Python client for Redis database and key-value store"
name = "redis"
optional = false
python-versions = ">=3.7"
version = "5.0.1"

[package.dependencies]
[package.dependencies.async-timeout]
python = "<=3.11.2"
version = ">=4.0.2"

[package.extras]
hiredis = ["hiredis (>=1.0.0)"]
ocsp = ["cryptography (>=36.0.1)", "pyopenssl (20.0.1)", "requests (>=2.26.0)"]

[[package]]
category = "main"
description = "Pure-Python RSA implementation"
name = "rsa"
optional = false
python-versions = ">=3.6,<4"
version = "4.9"

[package.dependencies]
pyasn1 = ">=0.1.3"

[[package]]
category = "main"
description = "Python 2 and 3 compatibility utilities"
name = "six"
optional = false
python-versions = ">=2.7, !=3.0.*, !=3.1.*, !=3.2.*"
version = "1.16.0"

[[package]]
category = "main"
description = "A rate limiting extension for Starlette and Fastapi"
name = "slowapi"
optional = false
python-versions = ">=3.7,<4.0"
version = "0.1.8"

[package.dependencies]
limits = ">=2.3"

[package.extras]
redis = ["redis (>=3.4.1,<4.0.0)"]

[[package]]
category = "main"
description = "Sniff out which async library your code is running under"
name = "sniffio"
optional = false
python-versions = ">=3.7"
version = "1.3.0"

[[package]]
category = "main"
description = "Database Abstraction Library"
name = "sqlalchemy"
optional = false
python-versions = ">=3.7"
version = "2.0.23"

[package.dependencies]
greenlet = "!=0.4.17"
typing-extensions = ">=4.2.0"

[package.extras]
aiomysql = ["greenlet (!=0.4.17)", "aiomysql (>=0.2.0)"]
aioodbc = ["greenlet (!=0.4.17)", "aioodbc"]
aiosqlite = ["greenlet (!=0.4.17)", "aiosqlite", "typing-extensions (!=3.10.0.1)"]
asyncio = ["greenlet (!=0.4.17)"]
asyncmy = ["greenlet (!=0.4.17)", "asyncmy (>=0.2.3,<0.2.4 || >0.2.4,<0.2.6 || >0.2.6)"]
mariadb_connector = ["mariadb (>=1.0.1,<1.1.2 || >1.1.2,<1.1.5 || >1.1.5)"]
mssql = ["pyodbc"]
mssql_pymssql = ["pymssql"]
mssql_pyodbc = ["pyodbc"]
mypy = ["mypy (>=0.910)"]
mysql = ["mysqlclient (>=1.4.0)"]
mysql_connector = ["mysql-connector-python"]
oracle = ["cx-oracle (>=8)"]
oracle_oracledb = ["oracledb (>=1.0.1)"]
postgresql = ["psycopg2 (>=2.7)"]
postgresql_asyncpg = ["greenlet (!=0.4.17)", "asyncpg"]
postgresql_pg8000 = ["pg8000 (>=1.29.1)"]
postgresql_psycopg = ["psycopg (>=3.0.7)"]
postgresql_psycopg2binary = ["psycopg2-binary"]
postgresql_psycopg2cffi = ["psycopg2cffi"]
postgresql_psycopgbinary = ["psycopg (>=3.0.7)"]
pymysql = ["pymysql"]
sqlcipher = ["sqlcipher3-binary"]

[[package]]
category = "main"
description = "The little ASGI library that shines."
name = "starlette"
optional = false
python-versions = ">=3.7"
version = "0.27.0"

[package.dependencies]
anyio = ">=3.4.0,<5"

[package.extras]
full = ["httpx (>=0.22.0)", "itsdangerous", "jinja2", "python-multipart", "pyyaml"]

[[package]]
category = "main"
description = "Backported and Experimental Type Hints for Python 3.8+"
name = "typing-extensions"
optional = false
python-versions = ">=3.8"
version = "4.9.0"

[[package]]
category = "main"
description = "HTTP library with thread-safe connection pooling, file post, and more."
name = "urllib3"
optional = false
python-versions = ">=3.8"
version = "2.1.0"

[package.extras]
brotli = ["brotli (>=1.0.9)", "brotlicffi (>=0.8.0)"]
socks = ["pysocks (>=1.5.6,<1.5.7 || >1.5.7,<2.0)"]
zstd = ["zstandard (>=0.18.0)"]

[[package]]
category = "main"
description = "The lightning-fast ASGI server."
name = "uvicorn"
optional = false
python-versions = ">=3.8"
version = "0.24.0.post1"

[package.dependencies]
click = ">=7.0"
h11 = ">=0.8"

[package.extras]
standard = ["colorama (>=0.4)", "httptools (>=0.5.0)", "python-dotenv (>=0.13)", "pyyaml (>=5.1)", "uvloop (>=0.14.0,<0.15.0 || >0.15.0,<0.15.1 || >0.15.1)", "watchfiles (>=0.13)", "websockets (>=10.4)"]

[[package]]
category = "main"
description = "Module for decorators, wrappers and monkey patching."
name = "wrapt"
optional = false
python-versions = ">=3.6"
version = "1.16.0"

[metadata]
content-hash = "8d46a0a1ff57e371e40d82867f5ed1c41c2f964d273af627f40f7e90807a19cd"
lock-version = "1.0"
python-versions = "^3.11"

[metadata.files]
aiosmtplib = []
alembic = []
annotated-types = []
anyio = []
async-timeout = []
bcrypt = []
blinker = []
certifi = []
click = []
cloudinary = []
colorama = []
deprecated = []
dnspython = []
ecdsa = []
email-validator = []
fastapi = []
fastapi-mail = []
greenlet = []
h11 = []
idna = []
importlib-resources = []
jinja2 = []
libgravatar = []
limits = []
mako = []
markupsafe = []
packaging = []
passlib = []
psycopg2-binary = []
pyasn1 = []
pydantic = []
pydantic-core = []
pydantic-settings = []
pypng = []
python-dotenv = []
python-jose = []
python-multipart = []
qrcode = []
redis = []
rsa = []
six = []
slowapi = []
sniffio = []
sqlalchemy = []
starlette = []
typing-extensions = []
urllib3 = []
uvicorn = []
wrapt = []
